// !$*UTF8*$!
{
	archiveVersion = 1;
	classes = {
	};
	objectVersion = 46;
	objects = {

/* Begin PBXBuildFile section */
		AB44A3781C965A620005DA7B /* main.m in Sources */ = {isa = PBXBuildFile; fileRef = AB44A3771C965A620005DA7B /* main.m */; };
		AB44A37B1C965A620005DA7B /* AppDelegate.m in Sources */ = {isa = PBXBuildFile; fileRef = AB44A37A1C965A620005DA7B /* AppDelegate.m */; };
		AB44A37E1C965A620005DA7B /* ViewController.m in Sources */ = {isa = PBXBuildFile; fileRef = AB44A37D1C965A620005DA7B /* ViewController.m */; };
		AB44A3811C965A620005DA7B /* Main.storyboard in Resources */ = {isa = PBXBuildFile; fileRef = AB44A37F1C965A620005DA7B /* Main.storyboard */; };
		AB44A3831C965A620005DA7B /* Assets.xcassets in Resources */ = {isa = PBXBuildFile; fileRef = AB44A3821C965A620005DA7B /* Assets.xcassets */; };
		AB44A3861C965A620005DA7B /* LaunchScreen.storyboard in Resources */ = {isa = PBXBuildFile; fileRef = AB44A3841C965A620005DA7B /* LaunchScreen.storyboard */; };
		AB44A3911C965A620005DA7B /* SearchBarTests.m in Sources */ = {isa = PBXBuildFile; fileRef = AB44A3901C965A620005DA7B /* SearchBarTests.m */; };
		AB44A39C1C965A620005DA7B /* SearchBarUITests.m in Sources */ = {isa = PBXBuildFile; fileRef = AB44A39B1C965A620005DA7B /* SearchBarUITests.m */; };
/* End PBXBuildFile section */

/* Begin PBXContainerItemProxy section */
		AB44A38D1C965A620005DA7B /* PBXContainerItemProxy */ = {
			isa = PBXContainerItemProxy;
			containerPortal = AB44A36B1C965A620005DA7B /* Project object */;
			proxyType = 1;
			remoteGlobalIDString = AB44A3721C965A620005DA7B;
			remoteInfo = SearchBar;
		};
		AB44A3981C965A620005DA7B /* PBXContainerItemProxy */ = {
			isa = PBXContainerItemProxy;
			containerPortal = AB44A36B1C965A620005DA7B /* Project object */;
			proxyType = 1;
			remoteGlobalIDString = AB44A3721C965A620005DA7B;
			remoteInfo = SearchBar;
		};
/* End PBXContainerItemProxy section */

/* Begin PBXFileReference section */
		AB44A3731C965A620005DA7B /* SearchBar.app */ = {isa = PBXFileReference; explicitFileType = wrapper.application; includeInIndex = 0; path = SearchBar.app; sourceTree = BUILT_PRODUCTS_DIR; };
		AB44A3771C965A620005DA7B /* main.m */ = {isa = PBXFileReference; lastKnownFileType = sourcecode.c.objc; path = main.m; sourceTree = "<group>"; };
		AB44A3791C965A620005DA7B /* AppDelegate.h */ = {isa = PBXFileReference; lastKnownFileType = sourcecode.c.h; path = AppDelegate.h; sourceTree = "<group>"; };
		AB44A37A1C965A620005DA7B /* AppDelegate.m */ = {isa = PBXFileReference; lastKnownFileType = sourcecode.c.objc; path = AppDelegate.m; sourceTree = "<group>"; };
		AB44A37C1C965A620005DA7B /* ViewController.h */ = {isa = PBXFileReference; lastKnownFileType = sourcecode.c.h; path = ViewController.h; sourceTree = "<group>"; };
		AB44A37D1C965A620005DA7B /* ViewController.m */ = {isa = PBXFileReference; lastKnownFileType = sourcecode.c.objc; path = ViewController.m; sourceTree = "<group>"; };
		AB44A3801C965A620005DA7B /* Base */ = {isa = PBXFileReference; lastKnownFileType = file.storyboard; name = Base; path = Base.lproj/Main.storyboard; sourceTree = "<group>"; };
		AB44A3821C965A620005DA7B /* Assets.xcassets */ = {isa = PBXFileReference; lastKnownFileType = folder.assetcatalog; path = Assets.xcassets; sourceTree = "<group>"; };
		AB44A3851C965A620005DA7B /* Base */ = {isa = PBXFileReference; lastKnownFileType = file.storyboard; name = Base; path = Base.lproj/LaunchScreen.storyboard; sourceTree = "<group>"; };
		AB44A3871C965A620005DA7B /* Info.plist */ = {isa = PBXFileReference; lastKnownFileType = text.plist.xml; path = Info.plist; sourceTree = "<group>"; };
		AB44A38C1C965A620005DA7B /* SearchBarTests.xctest */ = {isa = PBXFileReference; explicitFileType = wrapper.cfbundle; includeInIndex = 0; path = SearchBarTests.xctest; sourceTree = BUILT_PRODUCTS_DIR; };
		AB44A3901C965A620005DA7B /* SearchBarTests.m */ = {isa = PBXFileReference; lastKnownFileType = sourcecode.c.objc; path = SearchBarTests.m; sourceTree = "<group>"; };
		AB44A3921C965A620005DA7B /* Info.plist */ = {isa = PBXFileReference; lastKnownFileType = text.plist.xml; path = Info.plist; sourceTree = "<group>"; };
		AB44A3971C965A620005DA7B /* SearchBarUITests.xctest */ = {isa = PBXFileReference; explicitFileType = wrapper.cfbundle; includeInIndex = 0; path = SearchBarUITests.xctest; sourceTree = BUILT_PRODUCTS_DIR; };
		AB44A39B1C965A620005DA7B /* SearchBarUITests.m */ = {isa = PBXFileReference; lastKnownFileType = sourcecode.c.objc; path = SearchBarUITests.m; sourceTree = "<group>"; };
		AB44A39D1C965A620005DA7B /* Info.plist */ = {isa = PBXFileReference; lastKnownFileType = text.plist.xml; path = Info.plist; sourceTree = "<group>"; };
/* End PBXFileReference section */

/* Begin PBXFrameworksBuildPhase section */
		AB44A3701C965A620005DA7B /* Frameworks */ = {
			isa = PBXFrameworksBuildPhase;
			buildActionMask = 2147483647;
			files = (
			);
			runOnlyForDeploymentPostprocessing = 0;
		};
		AB44A3891C965A620005DA7B /* Frameworks */ = {
			isa = PBXFrameworksBuildPhase;
			buildActionMask = 2147483647;
			files = (
			);
			runOnlyForDeploymentPostprocessing = 0;
		};
		AB44A3941C965A620005DA7B /* Frameworks */ = {
			isa = PBXFrameworksBuildPhase;
			buildActionMask = 2147483647;
			files = (
			);
			runOnlyForDeploymentPostprocessing = 0;
		};
/* End PBXFrameworksBuildPhase section */

/* Begin PBXGroup section */
		AB44A36A1C965A620005DA7B = {
			isa = PBXGroup;
			children = (
				AB44A3751C965A620005DA7B /* SearchBar */,
				AB44A38F1C965A620005DA7B /* SearchBarTests */,
				AB44A39A1C965A620005DA7B /* SearchBarUITests */,
				AB44A3741C965A620005DA7B /* Products */,
			);
			sourceTree = "<group>";
		};
		AB44A3741C965A620005DA7B /* Products */ = {
			isa = PBXGroup;
			children = (
				AB44A3731C965A620005DA7B /* SearchBar.app */,
				AB44A38C1C965A620005DA7B /* SearchBarTests.xctest */,
				AB44A3971C965A620005DA7B /* SearchBarUITests.xctest */,
			);
			name = Products;
			sourceTree = "<group>";
		};
		AB44A3751C965A620005DA7B /* SearchBar */ = {
			isa = PBXGroup;
			children = (
				AB44A3791C965A620005DA7B /* AppDelegate.h */,
				AB44A37A1C965A620005DA7B /* AppDelegate.m */,
				AB44A37C1C965A620005DA7B /* ViewController.h */,
				AB44A37D1C965A620005DA7B /* ViewController.m */,
				AB44A37F1C965A620005DA7B /* Main.storyboard */,
				AB44A3821C965A620005DA7B /* Assets.xcassets */,
				AB44A3841C965A620005DA7B /* LaunchScreen.storyboard */,
				AB44A3871C965A620005DA7B /* Info.plist */,
				AB44A3761C965A620005DA7B /* Supporting Files */,
			);
			path = SearchBar;
			sourceTree = "<group>";
		};
		AB44A3761C965A620005DA7B /* Supporting Files */ = {
			isa = PBXGroup;
			children = (
				AB44A3771C965A620005DA7B /* main.m */,
			);
			name = "Supporting Files";
			sourceTree = "<group>";
		};
		AB44A38F1C965A620005DA7B /* SearchBarTests */ = {
			isa = PBXGroup;
			children = (
				AB44A3901C965A620005DA7B /* SearchBarTests.m */,
				AB44A3921C965A620005DA7B /* Info.plist */,
			);
			path = SearchBarTests;
			sourceTree = "<group>";
		};
		AB44A39A1C965A620005DA7B /* SearchBarUITests */ = {
			isa = PBXGroup;
			children = (
				AB44A39B1C965A620005DA7B /* SearchBarUITests.m */,
				AB44A39D1C965A620005DA7B /* Info.plist */,
			);
			path = SearchBarUITests;
			sourceTree = "<group>";
		};
/* End PBXGroup section */

/* Begin PBXNativeTarget section */
		AB44A3721C965A620005DA7B /* SearchBar */ = {
			isa = PBXNativeTarget;
			buildConfigurationList = AB44A3A01C965A620005DA7B /* Build configuration list for PBXNativeTarget "SearchBar" */;
			buildPhases = (
				AB44A36F1C965A620005DA7B /* Sources */,
				AB44A3701C965A620005DA7B /* Frameworks */,
				AB44A3711C965A620005DA7B /* Resources */,
			);
			buildRules = (
			);
			dependencies = (
			);
			name = SearchBar;
			productName = SearchBar;
			productReference = AB44A3731C965A620005DA7B /* SearchBar.app */;
			productType = "com.apple.product-type.application";
		};
		AB44A38B1C965A620005DA7B /* SearchBarTests */ = {
			isa = PBXNativeTarget;
			buildConfigurationList = AB44A3A31C965A620005DA7B /* Build configuration list for PBXNativeTarget "SearchBarTests" */;
			buildPhases = (
				AB44A3881C965A620005DA7B /* Sources */,
				AB44A3891C965A620005DA7B /* Frameworks */,
				AB44A38A1C965A620005DA7B /* Resources */,
			);
			buildRules = (
			);
			dependencies = (
				AB44A38E1C965A620005DA7B /* PBXTargetDependency */,
			);
			name = SearchBarTests;
			productName = SearchBarTests;
			productReference = AB44A38C1C965A620005DA7B /* SearchBarTests.xctest */;
			productType = "com.apple.product-type.bundle.unit-test";
		};
		AB44A3961C965A620005DA7B /* SearchBarUITests */ = {
			isa = PBXNativeTarget;
			buildConfigurationList = AB44A3A61C965A620005DA7B /* Build configuration list for PBXNativeTarget "SearchBarUITests" */;
			buildPhases = (
				AB44A3931C965A620005DA7B /* Sources */,
				AB44A3941C965A620005DA7B /* Frameworks */,
				AB44A3951C965A620005DA7B /* Resources */,
			);
			buildRules = (
			);
			dependencies = (
				AB44A3991C965A620005DA7B /* PBXTargetDependency */,
			);
			name = SearchBarUITests;
			productName = SearchBarUITests;
			productReference = AB44A3971C965A620005DA7B /* SearchBarUITests.xctest */;
			productType = "com.apple.product-type.bundle.ui-testing";
		};
/* End PBXNativeTarget section */

/* Begin PBXProject section */
		AB44A36B1C965A620005DA7B /* Project object */ = {
			isa = PBXProject;
			attributes = {
				LastUpgradeCheck = 0720;
				ORGANIZATIONNAME = techmaster;
				TargetAttributes = {
					AB44A3721C965A620005DA7B = {
						CreatedOnToolsVersion = 7.2.1;
					};
					AB44A38B1C965A620005DA7B = {
						CreatedOnToolsVersion = 7.2.1;
						TestTargetID = AB44A3721C965A620005DA7B;
					};
					AB44A3961C965A620005DA7B = {
						CreatedOnToolsVersion = 7.2.1;
						TestTargetID = AB44A3721C965A620005DA7B;
					};
				};
			};
			buildConfigurationList = AB44A36E1C965A620005DA7B /* Build configuration list for PBXProject "SearchBar" */;
			compatibilityVersion = "Xcode 3.2";
			developmentRegion = English;
			hasScannedForEncodings = 0;
			knownRegions = (
				en,
				Base,
			);
			mainGroup = AB44A36A1C965A620005DA7B;
			productRefGroup = AB44A3741C965A620005DA7B /* Products */;
			projectDirPath = "";
			projectRoot = "";
			targets = (
				AB44A3721C965A620005DA7B /* SearchBar */,
				AB44A38B1C965A620005DA7B /* SearchBarTests */,
				AB44A3961C965A620005DA7B /* SearchBarUITests */,
			);
		};
/* End PBXProject section */

/* Begin PBXResourcesBuildPhase section */
		AB44A3711C965A620005DA7B /* Resources */ = {
			isa = PBXResourcesBuildPhase;
			buildActionMask = 2147483647;
			files = (
				AB44A3861C965A620005DA7B /* LaunchScreen.storyboard in Resources */,
				AB44A3831C965A620005DA7B /* Assets.xcassets in Resources */,
				AB44A3811C965A620005DA7B /* Main.storyboard in Resources */,
			);
			runOnlyForDeploymentPostprocessing = 0;
		};
		AB44A38A1C965A620005DA7B /* Resources */ = {
			isa = PBXResourcesBuildPhase;
			buildActionMask = 2147483647;
			files = (
			);
			runOnlyForDeploymentPostprocessing = 0;
		};
		AB44A3951C965A620005DA7B /* Resources */ = {
			isa = PBXResourcesBuildPhase;
			buildActionMask = 2147483647;
			files = (
			);
			runOnlyForDeploymentPostprocessing = 0;
		};
/* End PBXResourcesBuildPhase section */

/* Begin PBXSourcesBuildPhase section */
		AB44A36F1C965A620005DA7B /* Sources */ = {
			isa = PBXSourcesBuildPhase;
			buildActionMask = 2147483647;
			files = (
				AB44A37E1C965A620005DA7B /* ViewController.m in Sources */,
				AB44A37B1C965A620005DA7B /* AppDelegate.m in Sources */,
				AB44A3781C965A620005DA7B /* main.m in Sources */,
			);
			runOnlyForDeploymentPostprocessing = 0;
		};
		AB44A3881C965A620005DA7B /* Sources */ = {
			isa = PBXSourcesBuildPhase;
			buildActionMask = 2147483647;
			files = (
				AB44A3911C965A620005DA7B /* SearchBarTests.m in Sources */,
			);
			runOnlyForDeploymentPostprocessing = 0;
		};
		AB44A3931C965A620005DA7B /* Sources */ = {
			isa = PBXSourcesBuildPhase;
			buildActionMask = 2147483647;
			files = (
				AB44A39C1C965A620005DA7B /* SearchBarUITests.m in Sources */,
			);
			runOnlyForDeploymentPostprocessing = 0;
		};
/* End PBXSourcesBuildPhase section */

/* Begin PBXTargetDependency section */
		AB44A38E1C965A620005DA7B /* PBXTargetDependency */ = {
			isa = PBXTargetDependency;
			target = AB44A3721C965A620005DA7B /* SearchBar */;
			targetProxy = AB44A38D1C965A620005DA7B /* PBXContainerItemProxy */;
		};
		AB44A3991C965A620005DA7B /* PBXTargetDependency */ = {
			isa = PBXTargetDependency;
			target = AB44A3721C965A620005DA7B /* SearchBar */;
			targetProxy = AB44A3981C965A620005DA7B /* PBXContainerItemProxy */;
		};
/* End PBXTargetDependency section */

/* Begin PBXVariantGroup section */
		AB44A37F1C965A620005DA7B /* Main.storyboard */ = {
			isa = PBXVariantGroup;
			children = (
				AB44A3801C965A620005DA7B /* Base */,
			);
			name = Main.storyboard;
			sourceTree = "<group>";
		};
		AB44A3841C965A620005DA7B /* LaunchScreen.storyboard */ = {
			isa = PBXVariantGroup;
			children = (
				AB44A3851C965A620005DA7B /* Base */,
			);
			name = LaunchScreen.storyboard;
			sourceTree = "<group>";
		};
/* End PBXVariantGroup section */

/* Begin XCBuildConfiguration section */
		AB44A39E1C965A620005DA7B /* Debug */ = {
			isa = XCBuildConfiguration;
			buildSettings = {
				ALWAYS_SEARCH_USER_PATHS = NO;
				CLANG_CXX_LANGUAGE_STANDARD = "gnu++0x";
				CLANG_CXX_LIBRARY = "libc++";
				CLANG_ENABLE_MODULES = YES;
				CLANG_ENABLE_OBJC_ARC = YES;
				CLANG_WARN_BOOL_CONVERSION = YES;
				CLANG_WARN_CONSTANT_CONVERSION = YES;
				CLANG_WARN_DIRECT_OBJC_ISA_USAGE = YES_ERROR;
				CLANG_WARN_EMPTY_BODY = YES;
				CLANG_WARN_ENUM_CONVERSION = YES;
				CLANG_WARN_INT_CONVERSION = YES;
				CLANG_WARN_OBJC_ROOT_CLASS = YES_ERROR;
				CLANG_WARN_UNREACHABLE_CODE = YES;
				CLANG_WARN__DUPLICATE_METHOD_MATCH = YES;
				"CODE_SIGN_IDENTITY[sdk=iphoneos*]" = "iPhone Developer";
				COPY_PHASE_STRIP = NO;
				DEBUG_INFORMATION_FORMAT = dwarf;
				ENABLE_STRICT_OBJC_MSGSEND = YES;
				ENABLE_TESTABILITY = YES;
				GCC_C_LANGUAGE_STANDARD = gnu99;
				GCC_DYNAMIC_NO_PIC = NO;
				GCC_NO_COMMON_BLOCKS = YES;
				GCC_OPTIMIZATION_LEVEL = 0;
				GCC_PREPROCESSOR_DEFINITIONS = (
					"DEBUG=1",
					"$(inherited)",
				);
				GCC_WARN_64_TO_32_BIT_CONVERSION = YES;
				GCC_WARN_ABOUT_RETURN_TYPE = YES_ERROR;
				GCC_WARN_UNDECLARED_SELECTOR = YES;
				GCC_WARN_UNINITIALIZED_AUTOS = YES_AGGRESSIVE;
				GCC_WARN_UNUSED_FUNCTION = YES;
				GCC_WARN_UNUSED_VARIABLE = YES;
				IPHONEOS_DEPLOYMENT_TARGET = 9.2;
				MTL_ENABLE_DEBUG_INFO = YES;
				ONLY_ACTIVE_ARCH = YES;
				SDKROOT = iphoneos;
			};
			name = Debug;
		};
		AB44A39F1C965A620005DA7B /* Release */ = {
			isa = XCBuildConfiguration;
			buildSettings = {
				ALWAYS_SEARCH_USER_PATHS = NO;
				CLANG_CXX_LANGUAGE_STANDARD = "gnu++0x";
				CLANG_CXX_LIBRARY = "libc++";
				CLANG_ENABLE_MODULES = YES;
				CLANG_ENABLE_OBJC_ARC = YES;
				CLANG_WARN_BOOL_CONVERSION = YES;
				CLANG_WARN_CONSTANT_CONVERSION = YES;
				CLANG_WARN_DIRECT_OBJC_ISA_USAGE = YES_ERROR;
				CLANG_WARN_EMPTY_BODY = YES;
				CLANG_WARN_ENUM_CONVERSION = YES;
				CLANG_WARN_INT_CONVERSION = YES;
				CLANG_WARN_OBJC_ROOT_CLASS = YES_ERROR;
				CLANG_WARN_UNREACHABLE_CODE = YES;
				CLANG_WARN__DUPLICATE_METHOD_MATCH = YES;
				"CODE_SIGN_IDENTITY[sdk=iphoneos*]" = "iPhone Developer";
				COPY_PHASE_STRIP = NO;
				DEBUG_INFORMATION_FORMAT = "dwarf-with-dsym";
				ENABLE_NS_ASSERTIONS = NO;
				ENABLE_STRICT_OBJC_MSGSEND = YES;
				GCC_C_LANGUAGE_STANDARD = gnu99;
				GCC_NO_COMMON_BLOCKS = YES;
				GCC_WARN_64_TO_32_BIT_CONVERSION = YES;
				GCC_WARN_ABOUT_RETURN_TYPE = YES_ERROR;
				GCC_WARN_UNDECLARED_SELECTOR = YES;
				GCC_WARN_UNINITIALIZED_AUTOS = YES_AGGRESSIVE;
				GCC_WARN_UNUSED_FUNCTION = YES;
				GCC_WARN_UNUSED_VARIABLE = YES;
				IPHONEOS_DEPLOYMENT_TARGET = 9.2;
				MTL_ENABLE_DEBUG_INFO = NO;
				SDKROOT = iphoneos;
				VALIDATE_PRODUCT = YES;
			};
			name = Release;
		};
		AB44A3A11C965A620005DA7B /* Debug */ = {
			isa = XCBuildConfiguration;
			buildSettings = {
				ASSETCATALOG_COMPILER_APPICON_NAME = AppIcon;
				INFOPLIST_FILE = SearchBar/Info.plist;
				LD_RUNPATH_SEARCH_PATHS = "$(inherited) @executable_path/Frameworks";
				PRODUCT_BUNDLE_IDENTIFIER = hoangthai.vn.SearchBar;
				PRODUCT_NAME = "$(TARGET_NAME)";
			};
			name = Debug;
		};
		AB44A3A21C965A620005DA7B /* Release */ = {
			isa = XCBuildConfiguration;
			buildSettings = {
				ASSETCATALOG_COMPILER_APPICON_NAME = AppIcon;
				INFOPLIST_FILE = SearchBar/Info.plist;
				LD_RUNPATH_SEARCH_PATHS = "$(inherited) @executable_path/Frameworks";
				PRODUCT_BUNDLE_IDENTIFIER = hoangthai.vn.SearchBar;
				PRODUCT_NAME = "$(TARGET_NAME)";
			};
			name = Release;
		};
		AB44A3A41C965A620005DA7B /* Debug */ = {
			isa = XCBuildConfiguration;
			buildSettings = {
				BUNDLE_LOADER = "$(TEST_HOST)";
				INFOPLIST_FILE = SearchBarTests/Info.plist;
				LD_RUNPATH_SEARCH_PATHS = "$(inherited) @executable_path/Frameworks @loader_path/Frameworks";
				PRODUCT_BUNDLE_IDENTIFIER = hoangthai.vn.SearchBarTests;
				PRODUCT_NAME = "$(TARGET_NAME)";
				TEST_HOST = "$(BUILT_PRODUCTS_DIR)/SearchBar.app/SearchBar";
			};
			name = Debug;
		};
		AB44A3A51C965A620005DA7B /* Release */ = {
			isa = XCBuildConfiguration;
			buildSettings = {
				BUNDLE_LOADER = "$(TEST_HOST)";
				INFOPLIST_FILE = SearchBarTests/Info.plist;
				LD_RUNPATH_SEARCH_PATHS = "$(inherited) @executable_path/Frameworks @loader_path/Frameworks";
				PRODUCT_BUNDLE_IDENTIFIER = hoangthai.vn.SearchBarTests;
				PRODUCT_NAME = "$(TARGET_NAME)";
				TEST_HOST = "$(BUILT_PRODUCTS_DIR)/SearchBar.app/SearchBar";
			};
			name = Release;
		};
		AB44A3A71C965A620005DA7B /* Debug */ = {
			isa = XCBuildConfiguration;
			buildSettings = {
				INFOPLIST_FILE = SearchBarUITests/Info.plist;
				LD_RUNPATH_SEARCH_PATHS = "$(inherited) @executable_path/Frameworks @loader_path/Frameworks";
				PRODUCT_BUNDLE_IDENTIFIER = hoangthai.vn.SearchBarUITests;
				PRODUCT_NAME = "$(TARGET_NAME)";
				TEST_TARGET_NAME = SearchBar;
				USES_XCTRUNNER = YES;
			};
			name = Debug;
		};
		AB44A3A81C965A620005DA7B /* Release */ = {
			isa = XCBuildConfiguration;
			buildSettings = {
				INFOPLIST_FILE = SearchBarUITests/Info.plist;
				LD_RUNPATH_SEARCH_PATHS = "$(inherited) @executable_path/Frameworks @loader_path/Frameworks";
				PRODUCT_BUNDLE_IDENTIFIER = hoangthai.vn.SearchBarUITests;
				PRODUCT_NAME = "$(TARGET_NAME)";
				TEST_TARGET_NAME = SearchBar;
				USES_XCTRUNNER = YES;
			};
			name = Release;
		};
/* End XCBuildConfiguration section */

/* Begin XCConfigurationList section */
		AB44A36E1C965A620005DA7B /* Build configuration list for PBXProject "SearchBar" */ = {
			isa = XCConfigurationList;
			buildConfigurations = (
				AB44A39E1C965A620005DA7B /* Debug */,
				AB44A39F1C965A620005DA7B /* Release */,
			);
			defaultConfigurationIsVisible = 0;
			defaultConfigurationName = Release;
		};
		AB44A3A01C965A620005DA7B /* Build configuration list for PBXNativeTarget "SearchBar" */ = {
			isa = XCConfigurationList;
			buildConfigurations = (
				AB44A3A11C965A620005DA7B /* Debug */,
				AB44A3A21C965A620005DA7B /* Release */,
			);
			defaultConfigurationIsVisible = 0;
		};
		AB44A3A31C965A620005DA7B /* Build configuration list for PBXNativeTarget "SearchBarTests" */ = {
			isa = XCConfigurationList;
			buildConfigurations = (
				AB44A3A41C965A620005DA7B /* Debug */,
				AB44A3A51C965A620005DA7B /* Release */,
			);
			defaultConfigurationIsVisible = 0;
		};
		AB44A3A61C965A620005DA7B /* Build configuration list for PBXNativeTarget "SearchBarUITests" */ = {
			isa = XCConfigurationList;
			buildConfigurations = (
				AB44A3A71C965A620005DA7B /* Debug */,
				AB44A3A81C965A620005DA7B /* Release */,
			);
			defaultConfigurationIsVisible = 0;
		};
/* End XCConfigurationList section */
	};
	rootObject = AB44A36B1C965A620005DA7B /* Project object */;
}
